// !$*UTF8*$!
{
	archiveVersion = 1;
	classes = {
	};
	objectVersion = 48;
	objects = {

/* Begin PBXBuildFile section */
		203A049AD1F2FC2C13F53BF7 /* libPods-News.a in Frameworks */ = {isa = PBXBuildFile; fileRef = 589BE96E975F2A0B5C9AC97E /* libPods-News.a */; };
		CDBF430F22953E3200B7DC2A /* AppDelegate.m in Sources */ = {isa = PBXBuildFile; fileRef = CDBF430E22953E3200B7DC2A /* AppDelegate.m */; };
		CDBF431722953E3200B7DC2A /* Assets.xcassets in Resources */ = {isa = PBXBuildFile; fileRef = CDBF431622953E3200B7DC2A /* Assets.xcassets */; };
		CDBF431A22953E3200B7DC2A /* LaunchScreen.storyboard in Resources */ = {isa = PBXBuildFile; fileRef = CDBF431822953E3200B7DC2A /* LaunchScreen.storyboard */; };
		CDBF431D22953E3200B7DC2A /* main.m in Sources */ = {isa = PBXBuildFile; fileRef = CDBF431C22953E3200B7DC2A /* main.m */; };
		CDBF432522953F3100B7DC2A /* MainViewController.m in Sources */ = {isa = PBXBuildFile; fileRef = CDBF432422953F3100B7DC2A /* MainViewController.m */; };
		CDBF432E22954D2F00B7DC2A /* NewsTableViewCell.m in Sources */ = {isa = PBXBuildFile; fileRef = CDBF432D22954D2F00B7DC2A /* NewsTableViewCell.m */; };
		CDBF43312295980300B7DC2A /* News.m in Sources */ = {isa = PBXBuildFile; fileRef = CDBF43302295980300B7DC2A /* News.m */; };
		CDFAF70722A030D700D5D16B /* dataList.json in Resources */ = {isa = PBXBuildFile; fileRef = CDFAF70622A030D700D5D16B /* dataList.json */; };
/* End PBXBuildFile section */

/* Begin PBXFileReference section */
		2EA2C2B437011952CC077333 /* Pods-News.release.xcconfig */ = {isa = PBXFileReference; includeInIndex = 1; lastKnownFileType = text.xcconfig; name = "Pods-News.release.xcconfig"; path = "Target Support Files/Pods-News/Pods-News.release.xcconfig"; sourceTree = "<group>"; };
		589BE96E975F2A0B5C9AC97E /* libPods-News.a */ = {isa = PBXFileReference; explicitFileType = archive.ar; includeInIndex = 0; path = "libPods-News.a"; sourceTree = BUILT_PRODUCTS_DIR; };
		C2DB9A4108D8C4CCD55307B5 /* Pods-News.debug.xcconfig */ = {isa = PBXFileReference; includeInIndex = 1; lastKnownFileType = text.xcconfig; name = "Pods-News.debug.xcconfig"; path = "Target Support Files/Pods-News/Pods-News.debug.xcconfig"; sourceTree = "<group>"; };
		CDBF430A22953E3200B7DC2A /* News.app */ = {isa = PBXFileReference; explicitFileType = wrapper.application; includeInIndex = 0; path = News.app; sourceTree = BUILT_PRODUCTS_DIR; };
		CDBF430D22953E3200B7DC2A /* AppDelegate.h */ = {isa = PBXFileReference; lastKnownFileType = sourcecode.c.h; path = AppDelegate.h; sourceTree = "<group>"; };
		CDBF430E22953E3200B7DC2A /* AppDelegate.m */ = {isa = PBXFileReference; lastKnownFileType = sourcecode.c.objc; path = AppDelegate.m; sourceTree = "<group>"; };
		CDBF431622953E3200B7DC2A /* Assets.xcassets */ = {isa = PBXFileReference; lastKnownFileType = folder.assetcatalog; path = Assets.xcassets; sourceTree = "<group>"; };
		CDBF431922953E3200B7DC2A /* Base */ = {isa = PBXFileReference; lastKnownFileType = file.storyboard; name = Base; path = Base.lproj/LaunchScreen.storyboard; sourceTree = "<group>"; };
		CDBF431B22953E3200B7DC2A /* Info.plist */ = {isa = PBXFileReference; lastKnownFileType = text.plist.xml; path = Info.plist; sourceTree = "<group>"; };
		CDBF431C22953E3200B7DC2A /* main.m */ = {isa = PBXFileReference; lastKnownFileType = sourcecode.c.objc; path = main.m; sourceTree = "<group>"; };
		CDBF432322953F3100B7DC2A /* MainViewController.h */ = {isa = PBXFileReference; lastKnownFileType = sourcecode.c.h; path = MainViewController.h; sourceTree = "<group>"; };
		CDBF432422953F3100B7DC2A /* MainViewController.m */ = {isa = PBXFileReference; lastKnownFileType = sourcecode.c.objc; path = MainViewController.m; sourceTree = "<group>"; };
		CDBF432C22954D2F00B7DC2A /* NewsTableViewCell.h */ = {isa = PBXFileReference; lastKnownFileType = sourcecode.c.h; path = NewsTableViewCell.h; sourceTree = "<group>"; };
		CDBF432D22954D2F00B7DC2A /* NewsTableViewCell.m */ = {isa = PBXFileReference; lastKnownFileType = sourcecode.c.objc; path = NewsTableViewCell.m; sourceTree = "<group>"; };
		CDBF432F2295980300B7DC2A /* News.h */ = {isa = PBXFileReference; lastKnownFileType = sourcecode.c.h; path = News.h; sourceTree = "<group>"; };
		CDBF43302295980300B7DC2A /* News.m */ = {isa = PBXFileReference; lastKnownFileType = sourcecode.c.objc; path = News.m; sourceTree = "<group>"; };
		CDFAF70622A030D700D5D16B /* dataList.json */ = {isa = PBXFileReference; lastKnownFileType = text.json; path = dataList.json; sourceTree = "<group>"; };
/* End PBXFileReference section */

/* Begin PBXFrameworksBuildPhase section */
		CDBF430722953E3200B7DC2A /* Frameworks */ = {
			isa = PBXFrameworksBuildPhase;
			buildActionMask = 2147483647;
			files = (
				203A049AD1F2FC2C13F53BF7 /* libPods-News.a in Frameworks */,
			);
			runOnlyForDeploymentPostprocessing = 0;
		};
/* End PBXFrameworksBuildPhase section */

/* Begin PBXGroup section */
		84803C30B6679C0D99AF7AF7 /* Frameworks */ = {
			isa = PBXGroup;
			children = (
				589BE96E975F2A0B5C9AC97E /* libPods-News.a */,
			);
			name = Frameworks;
			sourceTree = "<group>";
		};
		CDBF430122953E3200B7DC2A = {
			isa = PBXGroup;
			children = (
				CDFAF70622A030D700D5D16B /* dataList.json */,
				CDBF430C22953E3200B7DC2A /* News */,
				CDBF430B22953E3200B7DC2A /* Products */,
				F8C7AC2D393E693925811BC9 /* Pods */,
				84803C30B6679C0D99AF7AF7 /* Frameworks */,
			);
			sourceTree = "<group>";
		};
		CDBF430B22953E3200B7DC2A /* Products */ = {
			isa = PBXGroup;
			children = (
				CDBF430A22953E3200B7DC2A /* News.app */,
			);
			name = Products;
			sourceTree = "<group>";
		};
		CDBF430C22953E3200B7DC2A /* News */ = {
			isa = PBXGroup;
			children = (
				CDBF4360229A948600B7DC2A /* Model */,
				CDBF432C22954D2F00B7DC2A /* NewsTableViewCell.h */,
				CDBF432D22954D2F00B7DC2A /* NewsTableViewCell.m */,
				CDBF432322953F3100B7DC2A /* MainViewController.h */,
				CDBF432422953F3100B7DC2A /* MainViewController.m */,
				CDBF430D22953E3200B7DC2A /* AppDelegate.h */,
				CDBF430E22953E3200B7DC2A /* AppDelegate.m */,
				CDBF431622953E3200B7DC2A /* Assets.xcassets */,
				CDBF431822953E3200B7DC2A /* LaunchScreen.storyboard */,
				CDBF431B22953E3200B7DC2A /* Info.plist */,
				CDBF431C22953E3200B7DC2A /* main.m */,
			);
			path = News;
			sourceTree = "<group>";
		};
		CDBF4360229A948600B7DC2A /* Model */ = {
			isa = PBXGroup;
			children = (
				CDBF432F2295980300B7DC2A /* News.h */,
				CDBF43302295980300B7DC2A /* News.m */,
			);
			path = Model;
			sourceTree = "<group>";
		};
		F8C7AC2D393E693925811BC9 /* Pods */ = {
			isa = PBXGroup;
			children = (
				C2DB9A4108D8C4CCD55307B5 /* Pods-News.debug.xcconfig */,
				2EA2C2B437011952CC077333 /* Pods-News.release.xcconfig */,
			);
			path = Pods;
			sourceTree = "<group>";
		};
/* End PBXGroup section */

/* Begin PBXNativeTarget section */
		CDBF430922953E3200B7DC2A /* News */ = {
			isa = PBXNativeTarget;
			buildConfigurationList = CDBF432022953E3300B7DC2A /* Build configuration list for PBXNativeTarget "News" */;
			buildPhases = (
				E1FBAB9C1BAEABCA5E31B5C2 /* [CP] Check Pods Manifest.lock */,
				CDBF430622953E3200B7DC2A /* Sources */,
				CDBF430722953E3200B7DC2A /* Frameworks */,
				CDBF430822953E3200B7DC2A /* Resources */,
			);
			buildRules = (
			);
			dependencies = (
			);
			name = News;
			productName = News;
			productReference = CDBF430A22953E3200B7DC2A /* News.app */;
			productType = "com.apple.product-type.application";
		};
/* End PBXNativeTarget section */

/* Begin PBXProject section */
		CDBF430222953E3200B7DC2A /* Project object */ = {
			isa = PBXProject;
			attributes = {
				LastUpgradeCheck = 0920;
				ORGANIZATIONNAME = yuyingying;
				TargetAttributes = {
					CDBF430922953E3200B7DC2A = {
						CreatedOnToolsVersion = 9.2;
						ProvisioningStyle = Automatic;
					};
				};
			};
			buildConfigurationList = CDBF430522953E3200B7DC2A /* Build configuration list for PBXProject "News" */;
			compatibilityVersion = "Xcode 8.0";
			developmentRegion = en;
			hasScannedForEncodings = 0;
			knownRegions = (
				en,
				Base,
			);
			mainGroup = CDBF430122953E3200B7DC2A;
			productRefGroup = CDBF430B22953E3200B7DC2A /* Products */;
			projectDirPath = "";
			projectRoot = "";
			targets = (
				CDBF430922953E3200B7DC2A /* News */,
			);
		};
/* End PBXProject section */

/* Begin PBXResourcesBuildPhase section */
		CDBF430822953E3200B7DC2A /* Resources */ = {
			isa = PBXResourcesBuildPhase;
			buildActionMask = 2147483647;
			files = (
				CDBF431A22953E3200B7DC2A /* LaunchScreen.storyboard in Resources */,
				CDFAF70722A030D700D5D16B /* dataList.json in Resources */,
				CDBF431722953E3200B7DC2A /* Assets.xcassets in Resources */,
			);
			runOnlyForDeploymentPostprocessing = 0;
		};
/* End PBXResourcesBuildPhase section */

/* Begin PBXShellScriptBuildPhase section */
		E1FBAB9C1BAEABCA5E31B5C2 /* [CP] Check Pods Manifest.lock */ = {
			isa = PBXShellScriptBuildPhase;
			buildActionMask = 2147483647;
			files = (
			);
			inputPaths = (
				"${PODS_PODFILE_DIR_PATH}/Podfile.lock",
				"${PODS_ROOT}/Manifest.lock",
			);
			name = "[CP] Check Pods Manifest.lock";
			outputPaths = (
				"$(DERIVED_FILE_DIR)/Pods-News-checkManifestLockResult.txt",
			);
			runOnlyForDeploymentPostprocessing = 0;
			shellPath = /bin/sh;
			shellScript = "diff \"${PODS_PODFILE_DIR_PATH}/Podfile.lock\" \"${PODS_ROOT}/Manifest.lock\" > /dev/null\nif [ $? != 0 ] ; then\n    # print error to STDERR\n    echo \"error: The sandbox is not in sync with the Podfile.lock. Run 'pod install' or update your CocoaPods installation.\" >&2\n    exit 1\nfi\n# This output is used by Xcode 'outputs' to avoid re-running this script phase.\necho \"SUCCESS\" > \"${SCRIPT_OUTPUT_FILE_0}\"\n";
			showEnvVarsInLog = 0;
		};
/* End PBXShellScriptBuildPhase section */

/* Begin PBXSourcesBuildPhase section */
		CDBF430622953E3200B7DC2A /* Sources */ = {
			isa = PBXSourcesBuildPhase;
			buildActionMask = 2147483647;
			files = (
				CDBF431D22953E3200B7DC2A /* main.m in Sources */,
				CDBF43312295980300B7DC2A /* News.m in Sources */,
				CDBF432E22954D2F00B7DC2A /* NewsTableViewCell.m in Sources */,
				CDBF430F22953E3200B7DC2A /* AppDelegate.m in Sources */,
				CDBF432522953F3100B7DC2A /* MainViewController.m in Sources */,
			);
			runOnlyForDeploymentPostprocessing = 0;
		};
/* End PBXSourcesBuildPhase section */

/* Begin PBXVariantGroup section */
		CDBF431822953E3200B7DC2A /* LaunchScreen.storyboard */ = {
			isa = PBXVariantGroup;
			children = (
				CDBF431922953E3200B7DC2A /* Base */,
			);
			name = LaunchScreen.storyboard;
			sourceTree = "<group>";
		};
/* End PBXVariantGroup section */

/* Begin XCBuildConfiguration section */
		CDBF431E22953E3300B7DC2A /* Debug */ = {
			isa = XCBuildConfiguration;
			buildSettings = {
				ALWAYS_SEARCH_USER_PATHS = NO;
				CLANG_ANALYZER_NONNULL = YES;
				CLANG_ANALYZER_NUMBER_OBJECT_CONVERSION = YES_AGGRESSIVE;
				CLANG_CXX_LANGUAGE_STANDARD = "gnu++14";
				CLANG_CXX_LIBRARY = "libc++";
				CLANG_ENABLE_MODULES = YES;
				CLANG_ENABLE_OBJC_ARC = YES;
				CLANG_WARN_BLOCK_CAPTURE_AUTORELEASING = YES;
				CLANG_WARN_BOOL_CONVERSION = YES;
				CLANG_WARN_COMMA = YES;
				CLANG_WARN_CONSTANT_CONVERSION = YES;
				CLANG_WARN_DIRECT_OBJC_ISA_USAGE = YES_ERROR;
				CLANG_WARN_DOCUMENTATION_COMMENTS = YES;
				CLANG_WARN_EMPTY_BODY = YES;
				CLANG_WARN_ENUM_CONVERSION = YES;
				CLANG_WARN_INFINITE_RECURSION = YES;
				CLANG_WARN_INT_CONVERSION = YES;
				CLANG_WARN_NON_LITERAL_NULL_CONVERSION = YES;
				CLANG_WARN_OBJC_LITERAL_CONVERSION = YES;
				CLANG_WARN_OBJC_ROOT_CLASS = YES_ERROR;
				CLANG_WARN_RANGE_LOOP_ANALYSIS = YES;
				CLANG_WARN_STRICT_PROTOTYPES = YES;
				CLANG_WARN_SUSPICIOUS_MOVE = YES;
				CLANG_WARN_UNGUARDED_AVAILABILITY = YES_AGGRESSIVE;
				CLANG_WARN_UNREACHABLE_CODE = YES;
				CLANG_WARN__DUPLICATE_METHOD_MATCH = YES;
				CODE_SIGN_IDENTITY = "iPhone Developer";
				COPY_PHASE_STRIP = NO;
				DEBUG_INFORMATION_FORMAT = dwarf;
				ENABLE_STRICT_OBJC_MSGSEND = YES;
				ENABLE_TESTABILITY = YES;
				GCC_C_LANGUAGE_STANDARD = gnu11;
				GCC_DYNAMIC_NO_PIC = NO;
				GCC_NO_COMMON_BLOCKS = YES;
				GCC_OPTIMIZATION_LEVEL = 0;
				GCC_PREPROCESSOR_DEFINITIONS = (
					"DEBUG=1",
					"$(inherited)",
				);
				GCC_WARN_64_TO_32_BIT_CONVERSION = YES;
				GCC_WARN_ABOUT_RETURN_TYPE = YES_ERROR;
				GCC_WARN_UNDECLARED_SELECTOR = YES;
				GCC_WARN_UNINITIALIZED_AUTOS = YES_AGGRESSIVE;
				GCC_WARN_UNUSED_FUNCTION = YES;
				GCC_WARN_UNUSED_VARIABLE = YES;
				IPHONEOS_DEPLOYMENT_TARGET = 11.2;
				MTL_ENABLE_DEBUG_INFO = YES;
				ONLY_ACTIVE_ARCH = YES;
				SDKROOT = iphoneos;
			};
			name = Debug;
		};
		CDBF431F22953E3300B7DC2A /* Release */ = {
			isa = XCBuildConfiguration;
			buildSettings = {
				ALWAYS_SEARCH_USER_PATHS = NO;
				CLANG_ANALYZER_NONNULL = YES;
				CLANG_ANALYZER_NUMBER_OBJECT_CONVERSION = YES_AGGRESSIVE;
				CLANG_CXX_LANGUAGE_STANDARD = "gnu++14";
				CLANG_CXX_LIBRARY = "libc++";
				CLANG_ENABLE_MODULES = YES;
				CLANG_ENABLE_OBJC_ARC = YES;
				CLANG_WARN_BLOCK_CAPTURE_AUTORELEASING = YES;
				CLANG_WARN_BOOL_CONVERSION = YES;
				CLANG_WARN_COMMA = YES;
				CLANG_WARN_CONSTANT_CONVERSION = YES;
				CLANG_WARN_DIRECT_OBJC_ISA_USAGE = YES_ERROR;
				CLANG_WARN_DOCUMENTATION_COMMENTS = YES;
				CLANG_WARN_EMPTY_BODY = YES;
				CLANG_WARN_ENUM_CONVERSION = YES;
				CLANG_WARN_INFINITE_RECURSION = YES;
				CLANG_WARN_INT_CONVERSION = YES;
				CLANG_WARN_NON_LITERAL_NULL_CONVERSION = YES;
				CLANG_WARN_OBJC_LITERAL_CONVERSION = YES;
				CLANG_WARN_OBJC_ROOT_CLASS = YES_ERROR;
				CLANG_WARN_RANGE_LOOP_ANALYSIS = YES;
				CLANG_WARN_STRICT_PROTOTYPES = YES;
				CLANG_WARN_SUSPICIOUS_MOVE = YES;
				CLANG_WARN_UNGUARDED_AVAILABILITY = YES_AGGRESSIVE;
				CLANG_WARN_UNREACHABLE_CODE = YES;
				CLANG_WARN__DUPLICATE_METHOD_MATCH = YES;
				CODE_SIGN_IDENTITY = "iPhone Developer";
				COPY_PHASE_STRIP = NO;
				DEBUG_INFORMATION_FORMAT = "dwarf-with-dsym";
				ENABLE_NS_ASSERTIONS = NO;
				ENABLE_STRICT_OBJC_MSGSEND = YES;
				GCC_C_LANGUAGE_STANDARD = gnu11;
				GCC_NO_COMMON_BLOCKS = YES;
				GCC_WARN_64_TO_32_BIT_CONVERSION = YES;
				GCC_WARN_ABOUT_RETURN_TYPE = YES_ERROR;
				GCC_WARN_UNDECLARED_SELECTOR = YES;
				GCC_WARN_UNINITIALIZED_AUTOS = YES_AGGRESSIVE;
				GCC_WARN_UNUSED_FUNCTION = YES;
				GCC_WARN_UNUSED_VARIABLE = YES;
				IPHONEOS_DEPLOYMENT_TARGET = 11.2;
				MTL_ENABLE_DEBUG_INFO = NO;
				SDKROOT = iphoneos;
				VALIDATE_PRODUCT = YES;
			};
			name = Release;
		};
		CDBF432122953E3300B7DC2A /* Debug */ = {
			isa = XCBuildConfiguration;
			baseConfigurationReference = C2DB9A4108D8C4CCD55307B5 /* Pods-News.debug.xcconfig */;
			buildSettings = {
				ASSETCATALOG_COMPILER_APPICON_NAME = AppIcon;
				CODE_SIGN_STYLE = Automatic;
				DEVELOPMENT_TEAM = PHL69T9FSH;
				INFOPLIST_FILE = News/Info.plist;
				LD_RUNPATH_SEARCH_PATHS = "$(inherited) @executable_path/Frameworks";
				PRODUCT_BUNDLE_IDENTIFIER = com.yuyingying.News;
				PRODUCT_NAME = "$(TARGET_NAME)";
				TARGETED_DEVICE_FAMILY = "1,2";
			};
			name = Debug;
		};
		CDBF432222953E3300B7DC2A /* Release */ = {
			isa = XCBuildConfiguration;
			baseConfigurationReference = 2EA2C2B437011952CC077333 /* Pods-News.release.xcconfig */;
			buildSettings = {
				ASSETCATALOG_COMPILER_APPICON_NAME = AppIcon;
				CODE_SIGN_STYLE = Automatic;
				DEVELOPMENT_TEAM = PHL69T9FSH;
				INFOPLIST_FILE = News/Info.plist;
				LD_RUNPATH_SEARCH_PATHS = "$(inherited) @executable_path/Frameworks";
				PRODUCT_BUNDLE_IDENTIFIER = com.yuyingying.News;
				PRODUCT_NAME = "$(TARGET_NAME)";
				TARGETED_DEVICE_FAMILY = "1,2";
			};
			name = Release;
		};
/* End XCBuildConfiguration section */

/* Begin XCConfigurationList section */
		CDBF430522953E3200B7DC2A /* Build configuration list for PBXProject "News" */ = {
			isa = XCConfigurationList;
			buildConfigurations = (
				CDBF431E22953E3300B7DC2A /* Debug */,
				CDBF431F22953E3300B7DC2A /* Release */,
			);
			defaultConfigurationIsVisible = 0;
			defaultConfigurationName = Release;
		};
		CDBF432022953E3300B7DC2A /* Build configuration list for PBXNativeTarget "News" */ = {
			isa = XCConfigurationList;
			buildConfigurations = (
				CDBF432122953E3300B7DC2A /* Debug */,
				CDBF432222953E3300B7DC2A /* Release */,
			);
			defaultConfigurationIsVisible = 0;
			defaultConfigurationName = Release;
		};
/* End XCConfigurationList section */
	};
	rootObject = CDBF430222953E3200B7DC2A /* Project object */;
}
